
Microsoft Visual Studio Solution File, Format Version 12.00
# Visual Studio Version 16
VisualStudioVersion = 16.0.29009.5
MinimumVisualStudioVersion = 10.0.40219.1
Project("{9A19103F-16F7-4668-BE54-9A1E7A4F7556}") = "Painters.Core", "Painters.Core\Painters.Core.csproj", "{69FBF171-B570-4E03-AC16-F51CD7293552}"
EndProject
Project("{FAE04EC0-301F-11D3-BF4B-00C04F79EFBC}") = "Painters.Core.Tests", "Painters.Core.Tests\Painters.Core.Tests.csproj", "{592EC65F-89C2-4910-9861-158A14EE0729}"
EndProject
Global
	GlobalSection(SolutionConfigurationPlatforms) = preSolution
		Debug|Any CPU = Debug|Any CPU
		Release|Any CPU = Release|Any CPU
	EndGlobalSection
	GlobalSection(ProjectConfigurationPlatforms) = postSolution
		{69FBF171-B570-4E03-AC16-F51CD7293552}.Debug|Any CPU.ActiveCfg = Debug|Any CPU
		{69FBF171-B570-4E03-AC16-F51CD7293552}.Debug|Any CPU.Build.0 = Debug|Any CPU
		{69FBF171-B570-4E03-AC16-F51CD7293552}.Release|Any CPU.ActiveCfg = Release|Any CPU
		{69FBF171-B570-4E03-AC16-F51CD7293552}.Release|Any CPU.Build.0 = Release|Any CPU
		{592EC65F-89C2-4910-9861-158A14EE0729}.Debug|Any CPU.ActiveCfg = Debug|Any CPU
		{592EC65F-89C2-4910-9861-158A14EE0729}.Debug|Any CPU.Build.0 = Debug|Any CPU
		{592EC65F-89C2-4910-9861-158A14EE0729}.Release|Any CPU.ActiveCfg = Release|Any CPU
		{592EC65F-89C2-4910-9861-158A14EE0729}.Release|Any CPU.Build.0 = Release|Any CPU
	EndGlobalSection
	GlobalSection(SolutionProperties) = preSolution
		HideSolutionNode = FALSE
	EndGlobalSection
	GlobalSection(ExtensibilityGlobals) = postSolution
		SolutionGuid = {1A8F73F4-5021-4431-88FE-864CE47E80A1}
	EndGlobalSection
EndGlobal
